<Solution>
  <Project Path="NavView.Demo/NavView.Demo.csproj" />
  <Project Path="NavView/NavView.csproj" />
  <Project Path="TestVBform/TestVBform.vbproj" Id="1796634a-2a49-4d0b-8dbc-685f98e85d4c" />
  <Project Path="WFPropertyPane/WFPropertyPane.csproj" Id="622ca6b9-c2a1-4c89-996e-a766e5351120" />
</Solution>
